
Microsoft Visual Studio Solution File, Format Version 12.00
# Visual Studio 15
Project("{FAE04EC0-301F-11D3-BF4B-00C04F79EFBC}") = "Guide", "Guide\Guide.csproj", "{E461B03C-EECD-4A0B-B2FF-0EBFB47F7F49}"
EndProject
Global
	GlobalSection(SolutionConfigurationPlatforms) = preSolution
		Debug|Any CPU = Debug|Any CPU
		Release|Any CPU = Release|Any CPU
	EndGlobalSection
	GlobalSection(ProjectConfigurationPlatforms) = postSolution
		{E461B03C-EECD-4A0B-B2FF-0EBFB47F7F49}.Debug|Any CPU.ActiveCfg = Debug|Any CPU
		{E461B03C-EECD-4A0B-B2FF-0EBFB47F7F49}.Debug|Any CPU.Build.0 = Debug|Any CPU
		{E461B03C-EECD-4A0B-B2FF-0EBFB47F7F49}.Release|Any CPU.ActiveCfg = Release|Any CPU
		{E461B03C-EECD-4A0B-B2FF-0EBFB47F7F49}.Release|Any CPU.Build.0 = Release|Any CPU
	EndGlobalSection
EndGlobal
